{
    "requires": true,
    "lockfileVersion": 1,
    "dependencies": {
        "@fullcalendar/bootstrap": {
            "version": "5.6.0",
            "resolved": "https://registry.npmjs.org/@fullcalendar/bootstrap/-/bootstrap-5.6.0.tgz",
            "integrity": "sha512-a7QGvCwHVgwX782SsAQvwfj/zsrhiJ6owPX89S9eFbulytxAFhxFWBF6QLtlux2+9uCEyFNOkLlWcSFBw9MbFA==",
            "requires": {
                "@fullcalendar/common": "~5.6.0",
                "tslib": "^2.0.3"
            }
        },
        "@fullcalendar/common": {
            "version": "5.6.0",
            "resolved": "https://registry.npmjs.org/@fullcalendar/common/-/common-5.6.0.tgz",
            "integrity": "sha512-4i4kZDVpRvfdKoJHRljDHsoYu466Odor9FhekP+67dIUoNnXSDTnQRmGfURwiF4RwaTsdWKe2+B7gors9G7zZA==",
            "requires": {
                "tslib": "^2.0.3"
            }
        },
        "@fullcalendar/core": {
            "version": "5.6.0",
            "resolved": "https://registry.npmjs.org/@fullcalendar/core/-/core-5.6.0.tgz",
            "integrity": "sha512-RK7WM2oWAd4GJ3Ib6a3ftTmz2UxUD4N2JmH8ml+E3bprS9/wjnfvZppikx30UxKUBCAzQcBGOKV8GXh0Wk7FvA==",
            "requires": {
                "@fullcalendar/common": "~5.6.0",
                "preact": "^10.0.5",
                "tslib": "^2.0.3"
            }
        },
        "luxon": {
            "version": "1.26.0",
            "resolved": "https://registry.npmjs.org/luxon/-/luxon-1.26.0.tgz",
            "integrity": "sha512-+V5QIQ5f6CDXQpWNICELwjwuHdqeJM1UenlZWx5ujcRMc9venvluCjFb4t5NYLhb6IhkbMVOxzVuOqkgMxee2A==",
            "optional": true
        },
        "moment": {
            "version": "2.29.1",
            "resolved": "https://registry.npmjs.org/moment/-/moment-2.29.1.tgz",
            "integrity": "sha512-kHmoybcPV8Sqy59DwNDY3Jefr64lK/by/da0ViFcuA4DH0vQg5Q6Ze5VimxkfQNSC+Mls/Kx53s7TjP1RhFEDQ=="
        },
        "preact": {
            "version": "10.5.13",
            "resolved": "https://registry.npmjs.org/preact/-/preact-10.5.13.tgz",
            "integrity": "sha512-q/vlKIGNwzTLu+jCcvywgGrt+H/1P/oIRSD6mV4ln3hmlC+Aa34C7yfPI4+5bzW8pONyVXYS7SvXosy2dKKtWQ=="
        },
        "rrule": {
            "version": "2.6.8",
            "resolved": "https://registry.npmjs.org/rrule/-/rrule-2.6.8.tgz",
            "integrity": "sha512-cUaXuUPrz9d1wdyzHsBfT1hptKlGgABeCINFXFvulEPqh9Np9BnF3C3lrv9uO54IIr8VDb58tsSF3LhsW+4VRw==",
            "requires": {
                "luxon": "^1.21.3",
                "tslib": "^1.10.0"
            },
            "dependencies": {
                "tslib": {
                    "version": "1.14.1",
                    "resolved": "https://registry.npmjs.org/tslib/-/tslib-1.14.1.tgz",
                    "integrity": "sha512-Xni35NKzjgMrwevysHTCArtLDpPvye8zV/0E4EyYn43P7/7qvQwPh9BGkHewbMulVntbigmcT7rdX3BNo9wRJg=="
                }
            }
        },
        "tslib": {
            "version": "2.2.0",
            "resolved": "https://registry.npmjs.org/tslib/-/tslib-2.2.0.tgz",
            "integrity": "sha512-gS9GVHRU+RGn5KQM2rllAlR3dU6m7AcpJKdtH8gFvQiC4Otgk98XnmMU+nZenHt/+VhnBPWwgrJsyrdcw6i23w=="
        }
    }
}
